
Microsoft Visual Studio Solution File, Format Version 12.00
# Visual Studio 2013
VisualStudioVersion = 12.0.21005.1
MinimumVisualStudioVersion = 10.0.40219.1
Project("{FAE04EC0-301F-11D3-BF4B-00C04F79EFBC}") = "RosBridgeDotNet", "RosBridgeDotNet\RosBridgeDotNet.csproj", "{C0820396-5110-46DA-91ED-713126C01C84}"
EndProject
Project("{FAE04EC0-301F-11D3-BF4B-00C04F79EFBC}") = "TurtleTest", "TurtleTest\TurtleTest.csproj", "{7AF1F6C6-7D63-4A0A-862E-40CB4944BBE5}"
EndProject
Project("{FAE04EC0-301F-11D3-BF4B-00C04F79EFBC}") = "NeobotixTest", "NeobotixTest\NeobotixTest.csproj", "{AAC4DEF9-8AD2-4587-90E5-9028F5F56ED3}"
EndProject
Global
	GlobalSection(SolutionConfigurationPlatforms) = preSolution
		Debug|Any CPU = Debug|Any CPU
		Release|Any CPU = Release|Any CPU
	EndGlobalSection
	GlobalSection(ProjectConfigurationPlatforms) = postSolution
		{C0820396-5110-46DA-91ED-713126C01C84}.Debug|Any CPU.ActiveCfg = Debug|Any CPU
		{C0820396-5110-46DA-91ED-713126C01C84}.Debug|Any CPU.Build.0 = Debug|Any CPU
		{C0820396-5110-46DA-91ED-713126C01C84}.Release|Any CPU.ActiveCfg = Release|Any CPU
		{C0820396-5110-46DA-91ED-713126C01C84}.Release|Any CPU.Build.0 = Release|Any CPU
		{7AF1F6C6-7D63-4A0A-862E-40CB4944BBE5}.Debug|Any CPU.ActiveCfg = Debug|Any CPU
		{7AF1F6C6-7D63-4A0A-862E-40CB4944BBE5}.Debug|Any CPU.Build.0 = Debug|Any CPU
		{7AF1F6C6-7D63-4A0A-862E-40CB4944BBE5}.Release|Any CPU.ActiveCfg = Release|Any CPU
		{7AF1F6C6-7D63-4A0A-862E-40CB4944BBE5}.Release|Any CPU.Build.0 = Release|Any CPU
		{AAC4DEF9-8AD2-4587-90E5-9028F5F56ED3}.Debug|Any CPU.ActiveCfg = Debug|Any CPU
		{AAC4DEF9-8AD2-4587-90E5-9028F5F56ED3}.Debug|Any CPU.Build.0 = Debug|Any CPU
		{AAC4DEF9-8AD2-4587-90E5-9028F5F56ED3}.Release|Any CPU.ActiveCfg = Release|Any CPU
		{AAC4DEF9-8AD2-4587-90E5-9028F5F56ED3}.Release|Any CPU.Build.0 = Release|Any CPU
	EndGlobalSection
	GlobalSection(SolutionProperties) = preSolution
		HideSolutionNode = FALSE
	EndGlobalSection
EndGlobal
